# This file is generated by running "yarn install" inside your project.
# Manual changes might be lost - proceed with caution!

__metadata:
  version: 6
  cacheKey: 8

"@babel/code-frame@npm:^7.0.0":
  version: 7.18.6
  resolution: "@babel/code-frame@npm:7.18.6"
  dependencies:
    "@babel/highlight": ^7.18.6
  checksum: 195e2be3172d7684bf95cff69ae3b7a15a9841ea9d27d3c843662d50cdd7d6470fd9c8e64be84d031117e4a4083486effba39f9aef6bbb2c89f7f21bcfba33ba
  languageName: node
  linkType: hard

"@babel/helper-validator-identifier@npm:^7.18.6":
  version: 7.19.1
  resolution: "@babel/helper-validator-identifier@npm:7.19.1"
  checksum: 0eca5e86a729162af569b46c6c41a63e18b43dbe09fda1d2a3c8924f7d617116af39cac5e4cd5d431bb760b4dca3c0970e0c444789b1db42bcf1fa41fbad0a3a
  languageName: node
  linkType: hard

"@babel/highlight@npm:^7.18.6":
  version: 7.18.6
  resolution: "@babel/highlight@npm:7.18.6"
  dependencies:
    "@babel/helper-validator-identifier": ^7.18.6
    chalk: ^2.0.0
    js-tokens: ^4.0.0
  checksum: 92d8ee61549de5ff5120e945e774728e5ccd57fd3b2ed6eace020ec744823d4a98e242be1453d21764a30a14769ecd62170fba28539b211799bbaf232bbb2789
  languageName: node
  linkType: hard

"@qtp/game@workspace:apps/game":
  version: 0.0.0-use.local
  resolution: "@qtp/game@workspace:apps/game"
  dependencies:
    "@qtp/tsconfig": "*"
    "@types/ink-big-text": ^1.2.1
    "@types/ink-gradient": ^2.0.1
    "@types/ink-select-input": ^3.0.1
    "@types/node": ^18.11.19
    "@types/react": ^18.0.27
    ink: ^3.2.0
    ink-big-text: ^1.2.0
    ink-gradient: ^2.0.0
    ink-select-input: ^4.2.1
    ink-text-input: ^4.0.3
    meow: ^9.0.0
    react: ^18.2.0
    react-router: ^6.8.1
    typescript: ^4.9.5
    zustand: ^4.3.5
  bin:
    game: dist/cli.js
  languageName: unknown
  linkType: soft

"@qtp/tsconfig@*, @qtp/tsconfig@workspace:packages/tsconfig":
  version: 0.0.0-use.local
  resolution: "@qtp/tsconfig@workspace:packages/tsconfig"
  languageName: unknown
  linkType: soft

"@remix-run/router@npm:1.3.3":
  version: 1.3.3
  resolution: "@remix-run/router@npm:1.3.3"
  checksum: 9280f1c3e44c0fb84a74b401b5a47022dace06d5da0f26a7a68c7c0e57ad5ef95d30f3c2d333df2db3b63f84de81f7f8caa7e53189a7709d6c3eb466d126ed76
  languageName: node
  linkType: hard

"@types/ink-big-text@npm:^1.2.1":
  version: 1.2.1
  resolution: "@types/ink-big-text@npm:1.2.1"
  dependencies:
    "@types/react": "*"
  checksum: 33f0974dab7f9988027db6e7e26610d9d3f007aa64df5fea5fbb7441541222e9d1292edb4772b710a0ab2cf40801cbac70246cedce1dde209314f7e367684b56
  languageName: node
  linkType: hard

"@types/ink-gradient@npm:^2.0.1":
  version: 2.0.1
  resolution: "@types/ink-gradient@npm:2.0.1"
  dependencies:
    "@types/react": "*"
  checksum: e5d654da9a015a6e1641e12d96ebd43318d0ba888bc53ed319f5b3681390bd66d8c0a46e0311cb768e34de9032783e9048646a2063ade6ddf32e504b0d27647a
  languageName: node
  linkType: hard

"@types/ink-select-input@npm:^3.0.1":
  version: 3.0.1
  resolution: "@types/ink-select-input@npm:3.0.1"
  dependencies:
    "@types/react": "*"
  checksum: 7407b07a8d4bbbabbb10842c36a631cc0e83542ba13740b4ce83ac8cfac10bff68c56ed8fee98fe390d863c8c2ad2cc2344c327e5e03761144521597510f437e
  languageName: node
  linkType: hard

"@types/minimist@npm:^1.2.0":
  version: 1.2.2
  resolution: "@types/minimist@npm:1.2.2"
  checksum: b8da83c66eb4aac0440e64674b19564d9d86c80ae273144db9681e5eeff66f238ade9515f5006ffbfa955ceff8b89ad2bd8ec577d7caee74ba101431fb07045d
  languageName: node
  linkType: hard

"@types/node@npm:^18.11.19":
  version: 18.14.6
  resolution: "@types/node@npm:18.14.6"
  checksum: 2f88f482cabadc6dbddd627a1674239e68c3c9beab56eb4ae2309fb96fd17fc3a509d99b0309bafe13b58529574f49ecf3a583f2ebe2896dd32fe4be436dc96e
  languageName: node
  linkType: hard

"@types/normalize-package-data@npm:^2.4.0":
  version: 2.4.1
  resolution: "@types/normalize-package-data@npm:2.4.1"
  checksum: e87bccbf11f95035c89a132b52b79ce69a1e3652fe55962363063c9c0dae0fe2477ebc585e03a9652adc6f381d24ba5589cc5e51849df4ced3d3e004a7d40ed5
  languageName: node
  linkType: hard

"@types/prop-types@npm:*":
  version: 15.7.5
  resolution: "@types/prop-types@npm:15.7.5"
  checksum: 5b43b8b15415e1f298243165f1d44390403bb2bd42e662bca3b5b5633fdd39c938e91b7fce3a9483699db0f7a715d08cef220c121f723a634972fdf596aec980
  languageName: node
  linkType: hard

"@types/react@npm:*, @types/react@npm:^18.0.27":
  version: 18.0.28
  resolution: "@types/react@npm:18.0.28"
  dependencies:
    "@types/prop-types": "*"
    "@types/scheduler": "*"
    csstype: ^3.0.2
  checksum: e752df961105e5127652460504785897ca6e77259e0da8f233f694f9e8f451cde7fa0709d4456ade0ff600c8ce909cfe29f9b08b9c247fa9b734e126ec53edd7
  languageName: node
  linkType: hard

"@types/scheduler@npm:*":
  version: 0.16.2
  resolution: "@types/scheduler@npm:0.16.2"
  checksum: b6b4dcfeae6deba2e06a70941860fb1435730576d3689225a421280b7742318d1548b3d22c1f66ab68e414f346a9542f29240bc955b6332c5b11e561077583bc
  languageName: node
  linkType: hard

"@types/tinycolor2@npm:^1.4.0":
  version: 1.4.3
  resolution: "@types/tinycolor2@npm:1.4.3"
  checksum: 61984b2825d4ee902016ef24777787bb2fb9e4999ccd4f7e5a709442c00cf90ba4afa510b9c78f18dcc83c03305d597d5fe3825a6aad38354f95c68af70ebc1b
  languageName: node
  linkType: hard

"@types/yoga-layout@npm:1.9.2":
  version: 1.9.2
  resolution: "@types/yoga-layout@npm:1.9.2"
  checksum: dbc3d6ab997d50fe1fcca5dd6822982c8fe586145ab648e0e97c3bc4ebc93d0b40c9edd75febaba374d61f60c1379b639f6be652965c776a901bf1068f2eac87
  languageName: node
  linkType: hard

"ansi-escapes@npm:^4.2.1":
  version: 4.3.2
  resolution: "ansi-escapes@npm:4.3.2"
  dependencies:
    type-fest: ^0.21.3
  checksum: 93111c42189c0a6bed9cdb4d7f2829548e943827ee8479c74d6e0b22ee127b2a21d3f8b5ca57723b8ef78ce011fbfc2784350eb2bde3ccfccf2f575fa8489815
  languageName: node
  linkType: hard

"ansi-regex@npm:^5.0.1":
  version: 5.0.1
  resolution: "ansi-regex@npm:5.0.1"
  checksum: 2aa4bb54caf2d622f1afdad09441695af2a83aa3fe8b8afa581d205e57ed4261c183c4d3877cee25794443fde5876417d859c108078ab788d6af7e4fe52eb66b
  languageName: node
  linkType: hard

"ansi-styles@npm:^3.2.1":
  version: 3.2.1
  resolution: "ansi-styles@npm:3.2.1"
  dependencies:
    color-convert: ^1.9.0
  checksum: d85ade01c10e5dd77b6c89f34ed7531da5830d2cb5882c645f330079975b716438cd7ebb81d0d6e6b4f9c577f19ae41ab55f07f19786b02f9dfd9e0377395665
  languageName: node
  linkType: hard

"ansi-styles@npm:^4.0.0, ansi-styles@npm:^4.1.0":
  version: 4.3.0
  resolution: "ansi-styles@npm:4.3.0"
  dependencies:
    color-convert: ^2.0.1
  checksum: 513b44c3b2105dd14cc42a19271e80f386466c4be574bccf60b627432f9198571ebf4ab1e4c3ba17347658f4ee1711c163d574248c0c1cdc2d5917a0ad582ec4
  languageName: node
  linkType: hard

"arr-rotate@npm:^1.0.0":
  version: 1.0.0
  resolution: "arr-rotate@npm:1.0.0"
  checksum: f996e94a7b8325c23fe3d7bf95f4f1a5fd1baba34c6bcebb5a8bd0f9b955569293f4cc61f02b0a242380923fca235948e95f6dbf544a6f183207d80e8f2d442d
  languageName: node
  linkType: hard

"arrify@npm:^1.0.1":
  version: 1.0.1
  resolution: "arrify@npm:1.0.1"
  checksum: 745075dd4a4624ff0225c331dacb99be501a515d39bcb7c84d24660314a6ec28e68131b137e6f7e16318170842ce97538cd298fc4cd6b2cc798e0b957f2747e7
  languageName: node
  linkType: hard

"astral-regex@npm:^2.0.0":
  version: 2.0.0
  resolution: "astral-regex@npm:2.0.0"
  checksum: 876231688c66400473ba505731df37ea436e574dd524520294cc3bbc54ea40334865e01fa0d074d74d036ee874ee7e62f486ea38bc421ee8e6a871c06f011766
  languageName: node
  linkType: hard

"auto-bind@npm:4.0.0":
  version: 4.0.0
  resolution: "auto-bind@npm:4.0.0"
  checksum: 00cad71cce5742faccb7dd65c1b55ebc4f45add4b0c9a1547b10b05bab22813230133b0c892c67ba3eb969a4524710c5e43cc45c72898ec84e56f3a596e7a04f
  languageName: node
  linkType: hard

"camelcase-keys@npm:^6.2.2":
  version: 6.2.2
  resolution: "camelcase-keys@npm:6.2.2"
  dependencies:
    camelcase: ^5.3.1
    map-obj: ^4.0.0
    quick-lru: ^4.0.1
  checksum: 43c9af1adf840471e54c68ab3e5fe8a62719a6b7dbf4e2e86886b7b0ff96112c945736342b837bd2529ec9d1c7d1934e5653318478d98e0cf22c475c04658e2a
  languageName: node
  linkType: hard

"camelcase@npm:^5.3.1":
  version: 5.3.1
  resolution: "camelcase@npm:5.3.1"
  checksum: e6effce26b9404e3c0f301498184f243811c30dfe6d0b9051863bd8e4034d09c8c2923794f280d6827e5aa055f6c434115ff97864a16a963366fb35fd673024b
  languageName: node
  linkType: hard

"cfonts@npm:^2.8.6":
  version: 2.10.1
  resolution: "cfonts@npm:2.10.1"
  dependencies:
    chalk: ^4
    window-size: ^1.1.1
  bin:
    cfonts: bin/index.js
  checksum: 2250d0878609c5cd39eced4212b708257a515f17fed83943f01423f6e11c091b77e30d56254b356f74bbb0e3f7d5f6782088d6e7e9985f3c9d8ec4bb34a15ad2
  languageName: node
  linkType: hard

"chalk@npm:^2.0.0, chalk@npm:^2.4.1":
  version: 2.4.2
  resolution: "chalk@npm:2.4.2"
  dependencies:
    ansi-styles: ^3.2.1
    escape-string-regexp: ^1.0.5
    supports-color: ^5.3.0
  checksum: ec3661d38fe77f681200f878edbd9448821924e0f93a9cefc0e26a33b145f1027a2084bf19967160d11e1f03bfe4eaffcabf5493b89098b2782c3fe0b03d80c2
  languageName: node
  linkType: hard

"chalk@npm:^4, chalk@npm:^4.1.0":
  version: 4.1.2
  resolution: "chalk@npm:4.1.2"
  dependencies:
    ansi-styles: ^4.1.0
    supports-color: ^7.1.0
  checksum: fe75c9d5c76a7a98d45495b91b2172fa3b7a09e0cc9370e5c8feb1c567b85c4288e2b3fded7cfdd7359ac28d6b3844feb8b82b8686842e93d23c827c417e83fc
  languageName: node
  linkType: hard

"ci-info@npm:^2.0.0":
  version: 2.0.0
  resolution: "ci-info@npm:2.0.0"
  checksum: 3b374666a85ea3ca43fa49aa3a048d21c9b475c96eb13c133505d2324e7ae5efd6a454f41efe46a152269e9b6a00c9edbe63ec7fa1921957165aae16625acd67
  languageName: node
  linkType: hard

"cli-boxes@npm:^2.2.0":
  version: 2.2.1
  resolution: "cli-boxes@npm:2.2.1"
  checksum: be79f8ec23a558b49e01311b39a1ea01243ecee30539c880cf14bf518a12e223ef40c57ead0cb44f509bffdffc5c129c746cd50d863ab879385370112af4f585
  languageName: node
  linkType: hard

"cli-cursor@npm:^3.1.0":
  version: 3.1.0
  resolution: "cli-cursor@npm:3.1.0"
  dependencies:
    restore-cursor: ^3.1.0
  checksum: 2692784c6cd2fd85cfdbd11f53aea73a463a6d64a77c3e098b2b4697a20443f430c220629e1ca3b195ea5ac4a97a74c2ee411f3807abf6df2b66211fec0c0a29
  languageName: node
  linkType: hard

"cli-truncate@npm:^2.1.0":
  version: 2.1.0
  resolution: "cli-truncate@npm:2.1.0"
  dependencies:
    slice-ansi: ^3.0.0
    string-width: ^4.2.0
  checksum: bf1e4e6195392dc718bf9cd71f317b6300dc4a9191d052f31046b8773230ece4fa09458813bf0e3455a5e68c0690d2ea2c197d14a8b85a7b5e01c97f4b5feb5d
  languageName: node
  linkType: hard

"code-excerpt@npm:^3.0.0":
  version: 3.0.0
  resolution: "code-excerpt@npm:3.0.0"
  dependencies:
    convert-to-spaces: ^1.0.1
  checksum: fa3a8ed15967076a43a4093b0c824cf0ada15d9aab12ea3c028851b72a69b56495aac1eadf18c3b6ae4baf0a95bb1e1faa9dbeeb0a2b2b5ae058da23328e9dd8
  languageName: node
  linkType: hard

"color-convert@npm:^1.9.0":
  version: 1.9.3
  resolution: "color-convert@npm:1.9.3"
  dependencies:
    color-name: 1.1.3
  checksum: fd7a64a17cde98fb923b1dd05c5f2e6f7aefda1b60d67e8d449f9328b4e53b228a428fd38bfeaeb2db2ff6b6503a776a996150b80cdf224062af08a5c8a3a203
  languageName: node
  linkType: hard

"color-convert@npm:^2.0.1":
  version: 2.0.1
  resolution: "color-convert@npm:2.0.1"
  dependencies:
    color-name: ~1.1.4
  checksum: 79e6bdb9fd479a205c71d89574fccfb22bd9053bd98c6c4d870d65c132e5e904e6034978e55b43d69fcaa7433af2016ee203ce76eeba9cfa554b373e7f7db336
  languageName: node
  linkType: hard

"color-name@npm:1.1.3":
  version: 1.1.3
  resolution: "color-name@npm:1.1.3"
  checksum: 09c5d3e33d2105850153b14466501f2bfb30324a2f76568a408763a3b7433b0e50e5b4ab1947868e65cb101bb7cb75029553f2c333b6d4b8138a73fcc133d69d
  languageName: node
  linkType: hard

"color-name@npm:~1.1.4":
  version: 1.1.4
  resolution: "color-name@npm:1.1.4"
  checksum: b0445859521eb4021cd0fb0cc1a75cecf67fceecae89b63f62b201cca8d345baf8b952c966862a9d9a2632987d4f6581f0ec8d957dfacece86f0a7919316f610
  languageName: node
  linkType: hard

"convert-to-spaces@npm:^1.0.1":
  version: 1.0.2
  resolution: "convert-to-spaces@npm:1.0.2"
  checksum: e73f2ae39eb2b184f0796138eaab9c088b03b94937377d31be5b2282aef6a6ccce6b46f51bd99b3b7dfc70f516e2a6b16c0dd911883bfadf8d1073f462480224
  languageName: node
  linkType: hard

"csstype@npm:^3.0.2":
  version: 3.1.1
  resolution: "csstype@npm:3.1.1"
  checksum: 1f7b4f5fdd955b7444b18ebdddf3f5c699159f13e9cf8ac9027ae4a60ae226aef9bbb14a6e12ca7dba3358b007cee6354b116e720262867c398de6c955ea451d
  languageName: node
  linkType: hard

"decamelize-keys@npm:^1.1.0":
  version: 1.1.1
  resolution: "decamelize-keys@npm:1.1.1"
  dependencies:
    decamelize: ^1.1.0
    map-obj: ^1.0.0
  checksum: fc645fe20b7bda2680bbf9481a3477257a7f9304b1691036092b97ab04c0ab53e3bf9fcc2d2ae382536568e402ec41fb11e1d4c3836a9abe2d813dd9ef4311e0
  languageName: node
  linkType: hard

"decamelize@npm:^1.1.0, decamelize@npm:^1.2.0":
  version: 1.2.0
  resolution: "decamelize@npm:1.2.0"
  checksum: ad8c51a7e7e0720c70ec2eeb1163b66da03e7616d7b98c9ef43cce2416395e84c1e9548dd94f5f6ffecfee9f8b94251fc57121a8b021f2ff2469b2bae247b8aa
  languageName: node
  linkType: hard

"define-property@npm:^1.0.0":
  version: 1.0.0
  resolution: "define-property@npm:1.0.0"
  dependencies:
    is-descriptor: ^1.0.0
  checksum: 5fbed11dace44dd22914035ba9ae83ad06008532ca814d7936a53a09e897838acdad5b108dd0688cc8d2a7cf0681acbe00ee4136cf36743f680d10517379350a
  languageName: node
  linkType: hard

"emoji-regex@npm:^8.0.0":
  version: 8.0.0
  resolution: "emoji-regex@npm:8.0.0"
  checksum: d4c5c39d5a9868b5fa152f00cada8a936868fd3367f33f71be515ecee4c803132d11b31a6222b2571b1e5f7e13890156a94880345594d0ce7e3c9895f560f192
  languageName: node
  linkType: hard

"error-ex@npm:^1.3.1":
  version: 1.3.2
  resolution: "error-ex@npm:1.3.2"
  dependencies:
    is-arrayish: ^0.2.1
  checksum: c1c2b8b65f9c91b0f9d75f0debaa7ec5b35c266c2cac5de412c1a6de86d4cbae04ae44e510378cb14d032d0645a36925d0186f8bb7367bcc629db256b743a001
  languageName: node
  linkType: hard

"escape-string-regexp@npm:^1.0.5":
  version: 1.0.5
  resolution: "escape-string-regexp@npm:1.0.5"
  checksum: 6092fda75c63b110c706b6a9bfde8a612ad595b628f0bd2147eea1d3406723020810e591effc7db1da91d80a71a737a313567c5abb3813e8d9c71f4aa595b410
  languageName: node
  linkType: hard

"escape-string-regexp@npm:^2.0.0":
  version: 2.0.0
  resolution: "escape-string-regexp@npm:2.0.0"
  checksum: 9f8a2d5743677c16e85c810e3024d54f0c8dea6424fad3c79ef6666e81dd0846f7437f5e729dfcdac8981bc9e5294c39b4580814d114076b8d36318f46ae4395
  languageName: node
  linkType: hard

"figures@npm:^3.2.0":
  version: 3.2.0
  resolution: "figures@npm:3.2.0"
  dependencies:
    escape-string-regexp: ^1.0.5
  checksum: 85a6ad29e9aca80b49b817e7c89ecc4716ff14e3779d9835af554db91bac41c0f289c418923519392a1e582b4d10482ad282021330cd045bb7b80c84152f2a2b
  languageName: node
  linkType: hard

"find-up@npm:^4.1.0":
  version: 4.1.0
  resolution: "find-up@npm:4.1.0"
  dependencies:
    locate-path: ^5.0.0
    path-exists: ^4.0.0
  checksum: 4c172680e8f8c1f78839486e14a43ef82e9decd0e74145f40707cc42e7420506d5ec92d9a11c22bd2c48fb0c384ea05dd30e10dd152fefeec6f2f75282a8b844
  languageName: node
  linkType: hard

"function-bind@npm:^1.1.1":
  version: 1.1.1
  resolution: "function-bind@npm:1.1.1"
  checksum: b32fbaebb3f8ec4969f033073b43f5c8befbb58f1a79e12f1d7490358150359ebd92f49e72ff0144f65f2c48ea2a605bff2d07965f548f6474fd8efd95bf361a
  languageName: node
  linkType: hard

"gradient-string@npm:^1.2.0":
  version: 1.2.0
  resolution: "gradient-string@npm:1.2.0"
  dependencies:
    chalk: ^2.4.1
    tinygradient: ^0.4.1
  checksum: ccead9d3153e7ee5bf5b88ca2a3ac4e54e9dfc042a5d550c061ebaa7b20f78ab0bbf2c004818796407892bd54dc8e770663d2af654311cf95059f7f448371d67
  languageName: node
  linkType: hard

"hard-rejection@npm:^2.1.0":
  version: 2.1.0
  resolution: "hard-rejection@npm:2.1.0"
  checksum: 7baaf80a0c7fff4ca79687b4060113f1529589852152fa935e6787a2bc96211e784ad4588fb3048136ff8ffc9dfcf3ae385314a5b24db32de20bea0d1597f9dc
  languageName: node
  linkType: hard

"has-flag@npm:^3.0.0":
  version: 3.0.0
  resolution: "has-flag@npm:3.0.0"
  checksum: 4a15638b454bf086c8148979aae044dd6e39d63904cd452d970374fa6a87623423da485dfb814e7be882e05c096a7ccf1ebd48e7e7501d0208d8384ff4dea73b
  languageName: node
  linkType: hard

"has-flag@npm:^4.0.0":
  version: 4.0.0
  resolution: "has-flag@npm:4.0.0"
  checksum: 261a1357037ead75e338156b1f9452c016a37dcd3283a972a30d9e4a87441ba372c8b81f818cd0fbcd9c0354b4ae7e18b9e1afa1971164aef6d18c2b6095a8ad
  languageName: node
  linkType: hard

"has@npm:^1.0.3":
  version: 1.0.3
  resolution: "has@npm:1.0.3"
  dependencies:
    function-bind: ^1.1.1
  checksum: b9ad53d53be4af90ce5d1c38331e712522417d017d5ef1ebd0507e07c2fbad8686fffb8e12ddecd4c39ca9b9b47431afbb975b8abf7f3c3b82c98e9aad052792
  languageName: node
  linkType: hard

"hosted-git-info@npm:^2.1.4":
  version: 2.8.9
  resolution: "hosted-git-info@npm:2.8.9"
  checksum: c955394bdab888a1e9bb10eb33029e0f7ce5a2ac7b3f158099dc8c486c99e73809dca609f5694b223920ca2174db33d32b12f9a2a47141dc59607c29da5a62dd
  languageName: node
  linkType: hard

"hosted-git-info@npm:^4.0.1":
  version: 4.1.0
  resolution: "hosted-git-info@npm:4.1.0"
  dependencies:
    lru-cache: ^6.0.0
  checksum: c3f87b3c2f7eb8c2748c8f49c0c2517c9a95f35d26f4bf54b2a8cba05d2e668f3753548b6ea366b18ec8dadb4e12066e19fa382a01496b0ffa0497eb23cbe461
  languageName: node
  linkType: hard

"indent-string@npm:^4.0.0":
  version: 4.0.0
  resolution: "indent-string@npm:4.0.0"
  checksum: 824cfb9929d031dabf059bebfe08cf3137365e112019086ed3dcff6a0a7b698cb80cf67ccccde0e25b9e2d7527aa6cc1fed1ac490c752162496caba3e6699612
  languageName: node
  linkType: hard

"ink-big-text@npm:^1.2.0":
  version: 1.2.0
  resolution: "ink-big-text@npm:1.2.0"
  dependencies:
    cfonts: ^2.8.6
    prop-types: ^15.7.2
  peerDependencies:
    ink: ">=2.0.0"
    react: ">=16.8.0"
  checksum: b65481453cc13f726bdecf6378da30d55abb676e5eea5f6f38059d3cf7fa7e474c35ff10b760deecded246e9aabb68d22154c0e760860e2d05ca2d2ae60e5052
  languageName: node
  linkType: hard

"ink-gradient@npm:^2.0.0":
  version: 2.0.0
  resolution: "ink-gradient@npm:2.0.0"
  dependencies:
    gradient-string: ^1.2.0
    prop-types: ^15.7.2
    strip-ansi: ^6.0.0
  peerDependencies:
    ink: ">=3.0.0"
    react: ">=16.8.0"
  checksum: 093a39a4e3b6143296d7721481b1bad71f41473ddfce7d3a81ff87d9f679574f18bd5f9592a0a440a913279cc345ea1a7ea0750c5f42740d7ae6bf5ff30b61dc
  languageName: node
  linkType: hard

"ink-select-input@npm:^4.2.1":
  version: 4.2.2
  resolution: "ink-select-input@npm:4.2.2"
  dependencies:
    arr-rotate: ^1.0.0
    figures: ^3.2.0
    lodash.isequal: ^4.5.0
  peerDependencies:
    ink: ^3.0.5
    react: ^16.5.2 || ^17.0.0
  checksum: 24031cb44e6217dbcea1ec02268ee129d9fd23c5352af442133e98938a6a326f584fe1143cad8b7afdd02c1b93e2209d6862aa2b02f01f6256512f986d0042bc
  languageName: node
  linkType: hard

"ink-text-input@npm:^4.0.3":
  version: 4.0.3
  resolution: "ink-text-input@npm:4.0.3"
  dependencies:
    chalk: ^4.1.0
    type-fest: ^0.15.1
  peerDependencies:
    ink: ^3.0.0-3
    react: ^16.5.2 || ^17.0.0
  checksum: 2d309ec8ca386010d467822e317389e3c60b764fd04091df063a45c31f43104fd9f4a4e71a928a2c3c3cca461a9b8a526e90439616760f0f3726507132abbac5
  languageName: node
  linkType: hard

"ink@npm:^3.2.0":
  version: 3.2.0
  resolution: "ink@npm:3.2.0"
  dependencies:
    ansi-escapes: ^4.2.1
    auto-bind: 4.0.0
    chalk: ^4.1.0
    cli-boxes: ^2.2.0
    cli-cursor: ^3.1.0
    cli-truncate: ^2.1.0
    code-excerpt: ^3.0.0
    indent-string: ^4.0.0
    is-ci: ^2.0.0
    lodash: ^4.17.20
    patch-console: ^1.0.0
    react-devtools-core: ^4.19.1
    react-reconciler: ^0.26.2
    scheduler: ^0.20.2
    signal-exit: ^3.0.2
    slice-ansi: ^3.0.0
    stack-utils: ^2.0.2
    string-width: ^4.2.2
    type-fest: ^0.12.0
    widest-line: ^3.1.0
    wrap-ansi: ^6.2.0
    ws: ^7.5.5
    yoga-layout-prebuilt: ^1.9.6
  peerDependencies:
    "@types/react": ">=16.8.0"
    react: ">=16.8.0"
  peerDependenciesMeta:
    "@types/react":
      optional: true
  checksum: 35f1b733b94bf12cc0bf7acb4d3fcba9d961ede15cee9c64a7325606b74cee78e1009eaffbac127f4d7d28e758d8259dea8d0850bfacb991b8d93632f41d3fa2
  languageName: node
  linkType: hard

"is-accessor-descriptor@npm:^1.0.0":
  version: 1.0.0
  resolution: "is-accessor-descriptor@npm:1.0.0"
  dependencies:
    kind-of: ^6.0.0
  checksum: 8e475968e9b22f9849343c25854fa24492dbe8ba0dea1a818978f9f1b887339190b022c9300d08c47fe36f1b913d70ce8cbaca00369c55a56705fdb7caed37fe
  languageName: node
  linkType: hard

"is-arrayish@npm:^0.2.1":
  version: 0.2.1
  resolution: "is-arrayish@npm:0.2.1"
  checksum: eef4417e3c10e60e2c810b6084942b3ead455af16c4509959a27e490e7aee87cfb3f38e01bbde92220b528a0ee1a18d52b787e1458ee86174d8c7f0e58cd488f
  languageName: node
  linkType: hard

"is-buffer@npm:^1.1.5":
  version: 1.1.6
  resolution: "is-buffer@npm:1.1.6"
  checksum: 4a186d995d8bbf9153b4bd9ff9fd04ae75068fe695d29025d25e592d9488911eeece84eefbd8fa41b8ddcc0711058a71d4c466dcf6f1f6e1d83830052d8ca707
  languageName: node
  linkType: hard

"is-ci@npm:^2.0.0":
  version: 2.0.0
  resolution: "is-ci@npm:2.0.0"
  dependencies:
    ci-info: ^2.0.0
  bin:
    is-ci: bin.js
  checksum: 77b869057510f3efa439bbb36e9be429d53b3f51abd4776eeea79ab3b221337fe1753d1e50058a9e2c650d38246108beffb15ccfd443929d77748d8c0cc90144
  languageName: node
  linkType: hard

"is-core-module@npm:^2.5.0, is-core-module@npm:^2.9.0":
  version: 2.11.0
  resolution: "is-core-module@npm:2.11.0"
  dependencies:
    has: ^1.0.3
  checksum: f96fd490c6b48eb4f6d10ba815c6ef13f410b0ba6f7eb8577af51697de523e5f2cd9de1c441b51d27251bf0e4aebc936545e33a5d26d5d51f28d25698d4a8bab
  languageName: node
  linkType: hard

"is-data-descriptor@npm:^1.0.0":
  version: 1.0.0
  resolution: "is-data-descriptor@npm:1.0.0"
  dependencies:
    kind-of: ^6.0.0
  checksum: e705e6816241c013b05a65dc452244ee378d1c3e3842bd140beabe6e12c0d700ef23c91803f971aa7b091fb0573c5da8963af34a2b573337d87bc3e1f53a4e6d
  languageName: node
  linkType: hard

"is-descriptor@npm:^1.0.0":
  version: 1.0.2
  resolution: "is-descriptor@npm:1.0.2"
  dependencies:
    is-accessor-descriptor: ^1.0.0
    is-data-descriptor: ^1.0.0
    kind-of: ^6.0.2
  checksum: 2ed623560bee035fb67b23e32ce885700bef8abe3fbf8c909907d86507b91a2c89a9d3a4d835a4d7334dd5db0237a0aeae9ca109c1e4ef1c0e7b577c0846ab5a
  languageName: node
  linkType: hard

"is-fullwidth-code-point@npm:^3.0.0":
  version: 3.0.0
  resolution: "is-fullwidth-code-point@npm:3.0.0"
  checksum: 44a30c29457c7fb8f00297bce733f0a64cd22eca270f83e58c105e0d015e45c019491a4ab2faef91ab51d4738c670daff901c799f6a700e27f7314029e99e348
  languageName: node
  linkType: hard

"is-number@npm:^3.0.0":
  version: 3.0.0
  resolution: "is-number@npm:3.0.0"
  dependencies:
    kind-of: ^3.0.2
  checksum: 0c62bf8e9d72c4dd203a74d8cfc751c746e75513380fef420cda8237e619a988ee43e678ddb23c87ac24d91ac0fe9f22e4ffb1301a50310c697e9d73ca3994e9
  languageName: node
  linkType: hard

"is-plain-obj@npm:^1.1.0":
  version: 1.1.0
  resolution: "is-plain-obj@npm:1.1.0"
  checksum: 0ee04807797aad50859652a7467481816cbb57e5cc97d813a7dcd8915da8195dc68c436010bf39d195226cde6a2d352f4b815f16f26b7bf486a5754290629931
  languageName: node
  linkType: hard

"js-tokens@npm:^3.0.0 || ^4.0.0, js-tokens@npm:^4.0.0":
  version: 4.0.0
  resolution: "js-tokens@npm:4.0.0"
  checksum: 8a95213a5a77deb6cbe94d86340e8d9ace2b93bc367790b260101d2f36a2eaf4e4e22d9fa9cf459b38af3a32fb4190e638024cf82ec95ef708680e405ea7cc78
  languageName: node
  linkType: hard

"json-parse-even-better-errors@npm:^2.3.0":
  version: 2.3.1
  resolution: "json-parse-even-better-errors@npm:2.3.1"
  checksum: 798ed4cf3354a2d9ccd78e86d2169515a0097a5c133337807cdf7f1fc32e1391d207ccfc276518cc1d7d8d4db93288b8a50ba4293d212ad1336e52a8ec0a941f
  languageName: node
  linkType: hard

"kind-of@npm:^3.0.2":
  version: 3.2.2
  resolution: "kind-of@npm:3.2.2"
  dependencies:
    is-buffer: ^1.1.5
  checksum: e898df8ca2f31038f27d24f0b8080da7be274f986bc6ed176f37c77c454d76627619e1681f6f9d2e8d2fd7557a18ecc419a6bb54e422abcbb8da8f1a75e4b386
  languageName: node
  linkType: hard

"kind-of@npm:^6.0.0, kind-of@npm:^6.0.2, kind-of@npm:^6.0.3":
  version: 6.0.3
  resolution: "kind-of@npm:6.0.3"
  checksum: 3ab01e7b1d440b22fe4c31f23d8d38b4d9b91d9f291df683476576493d5dfd2e03848a8b05813dd0c3f0e835bc63f433007ddeceb71f05cb25c45ae1b19c6d3b
  languageName: node
  linkType: hard

"lines-and-columns@npm:^1.1.6":
  version: 1.2.4
  resolution: "lines-and-columns@npm:1.2.4"
  checksum: 0c37f9f7fa212b38912b7145e1cd16a5f3cd34d782441c3e6ca653485d326f58b3caccda66efce1c5812bde4961bbde3374fae4b0d11bf1226152337f3894aa5
  languageName: node
  linkType: hard

"locate-path@npm:^5.0.0":
  version: 5.0.0
  resolution: "locate-path@npm:5.0.0"
  dependencies:
    p-locate: ^4.1.0
  checksum: 83e51725e67517287d73e1ded92b28602e3ae5580b301fe54bfb76c0c723e3f285b19252e375712316774cf52006cb236aed5704692c32db0d5d089b69696e30
  languageName: node
  linkType: hard

"lodash.isequal@npm:^4.5.0":
  version: 4.5.0
  resolution: "lodash.isequal@npm:4.5.0"
  checksum: da27515dc5230eb1140ba65ff8de3613649620e8656b19a6270afe4866b7bd461d9ba2ac8a48dcc57f7adac4ee80e1de9f965d89d4d81a0ad52bb3eec2609644
  languageName: node
  linkType: hard

"lodash@npm:^4.17.20":
  version: 4.17.21
  resolution: "lodash@npm:4.17.21"
  checksum: eb835a2e51d381e561e508ce932ea50a8e5a68f4ebdd771ea240d3048244a8d13658acbd502cd4829768c56f2e16bdd4340b9ea141297d472517b83868e677f7
  languageName: node
  linkType: hard

"loose-envify@npm:^1.1.0, loose-envify@npm:^1.4.0":
  version: 1.4.0
  resolution: "loose-envify@npm:1.4.0"
  dependencies:
    js-tokens: ^3.0.0 || ^4.0.0
  bin:
    loose-envify: cli.js
  checksum: 6517e24e0cad87ec9888f500c5b5947032cdfe6ef65e1c1936a0c48a524b81e65542c9c3edc91c97d5bddc806ee2a985dbc79be89215d613b1de5db6d1cfe6f4
  languageName: node
  linkType: hard

"lru-cache@npm:^6.0.0":
  version: 6.0.0
  resolution: "lru-cache@npm:6.0.0"
  dependencies:
    yallist: ^4.0.0
  checksum: f97f499f898f23e4585742138a22f22526254fdba6d75d41a1c2526b3b6cc5747ef59c5612ba7375f42aca4f8461950e925ba08c991ead0651b4918b7c978297
  languageName: node
  linkType: hard

"map-obj@npm:^1.0.0":
  version: 1.0.1
  resolution: "map-obj@npm:1.0.1"
  checksum: 9949e7baec2a336e63b8d4dc71018c117c3ce6e39d2451ccbfd3b8350c547c4f6af331a4cbe1c83193d7c6b786082b6256bde843db90cb7da2a21e8fcc28afed
  languageName: node
  linkType: hard

"map-obj@npm:^4.0.0":
  version: 4.3.0
  resolution: "map-obj@npm:4.3.0"
  checksum: fbc554934d1a27a1910e842bc87b177b1a556609dd803747c85ece420692380827c6ae94a95cce4407c054fa0964be3bf8226f7f2cb2e9eeee432c7c1985684e
  languageName: node
  linkType: hard

"meow@npm:^9.0.0":
  version: 9.0.0
  resolution: "meow@npm:9.0.0"
  dependencies:
    "@types/minimist": ^1.2.0
    camelcase-keys: ^6.2.2
    decamelize: ^1.2.0
    decamelize-keys: ^1.1.0
    hard-rejection: ^2.1.0
    minimist-options: 4.1.0
    normalize-package-data: ^3.0.0
    read-pkg-up: ^7.0.1
    redent: ^3.0.0
    trim-newlines: ^3.0.0
    type-fest: ^0.18.0
    yargs-parser: ^20.2.3
  checksum: 99799c47247f4daeee178e3124f6ef6f84bde2ba3f37652865d5d8f8b8adcf9eedfc551dd043e2455cd8206545fd848e269c0c5ab6b594680a0ad4d3617c9639
  languageName: node
  linkType: hard

"mimic-fn@npm:^2.1.0":
  version: 2.1.0
  resolution: "mimic-fn@npm:2.1.0"
  checksum: d2421a3444848ce7f84bd49115ddacff29c15745db73f54041edc906c14b131a38d05298dae3081667627a59b2eb1ca4b436ff2e1b80f69679522410418b478a
  languageName: node
  linkType: hard

"min-indent@npm:^1.0.0":
  version: 1.0.1
  resolution: "min-indent@npm:1.0.1"
  checksum: bfc6dd03c5eaf623a4963ebd94d087f6f4bbbfd8c41329a7f09706b0cb66969c4ddd336abeb587bc44bc6f08e13bf90f0b374f9d71f9f01e04adc2cd6f083ef1
  languageName: node
  linkType: hard

"minimist-options@npm:4.1.0":
  version: 4.1.0
  resolution: "minimist-options@npm:4.1.0"
  dependencies:
    arrify: ^1.0.1
    is-plain-obj: ^1.1.0
    kind-of: ^6.0.3
  checksum: 8c040b3068811e79de1140ca2b708d3e203c8003eb9a414c1ab3cd467fc5f17c9ca02a5aef23bedc51a7f8bfbe77f87e9a7e31ec81fba304cda675b019496f4e
  languageName: node
  linkType: hard

"normalize-package-data@npm:^2.5.0":
  version: 2.5.0
  resolution: "normalize-package-data@npm:2.5.0"
  dependencies:
    hosted-git-info: ^2.1.4
    resolve: ^1.10.0
    semver: 2 || 3 || 4 || 5
    validate-npm-package-license: ^3.0.1
  checksum: 7999112efc35a6259bc22db460540cae06564aa65d0271e3bdfa86876d08b0e578b7b5b0028ee61b23f1cae9fc0e7847e4edc0948d3068a39a2a82853efc8499
  languageName: node
  linkType: hard

"normalize-package-data@npm:^3.0.0":
  version: 3.0.3
  resolution: "normalize-package-data@npm:3.0.3"
  dependencies:
    hosted-git-info: ^4.0.1
    is-core-module: ^2.5.0
    semver: ^7.3.4
    validate-npm-package-license: ^3.0.1
  checksum: bbcee00339e7c26fdbc760f9b66d429258e2ceca41a5df41f5df06cc7652de8d82e8679ff188ca095cad8eff2b6118d7d866af2b68400f74602fbcbce39c160a
  languageName: node
  linkType: hard

"object-assign@npm:^4.1.1":
  version: 4.1.1
  resolution: "object-assign@npm:4.1.1"
  checksum: fcc6e4ea8c7fe48abfbb552578b1c53e0d194086e2e6bbbf59e0a536381a292f39943c6e9628af05b5528aa5e3318bb30d6b2e53cadaf5b8fe9e12c4b69af23f
  languageName: node
  linkType: hard

"onetime@npm:^5.1.0":
  version: 5.1.2
  resolution: "onetime@npm:5.1.2"
  dependencies:
    mimic-fn: ^2.1.0
  checksum: 2478859ef817fc5d4e9c2f9e5728512ddd1dbc9fb7829ad263765bb6d3b91ce699d6e2332eef6b7dff183c2f490bd3349f1666427eaba4469fba0ac38dfd0d34
  languageName: node
  linkType: hard

"p-limit@npm:^2.2.0":
  version: 2.3.0
  resolution: "p-limit@npm:2.3.0"
  dependencies:
    p-try: ^2.0.0
  checksum: 84ff17f1a38126c3314e91ecfe56aecbf36430940e2873dadaa773ffe072dc23b7af8e46d4b6485d302a11673fe94c6b67ca2cfbb60c989848b02100d0594ac1
  languageName: node
  linkType: hard

"p-locate@npm:^4.1.0":
  version: 4.1.0
  resolution: "p-locate@npm:4.1.0"
  dependencies:
    p-limit: ^2.2.0
  checksum: 513bd14a455f5da4ebfcb819ef706c54adb09097703de6aeaa5d26fe5ea16df92b48d1ac45e01e3944ce1e6aa2a66f7f8894742b8c9d6e276e16cd2049a2b870
  languageName: node
  linkType: hard

"p-try@npm:^2.0.0":
  version: 2.2.0
  resolution: "p-try@npm:2.2.0"
  checksum: f8a8e9a7693659383f06aec604ad5ead237c7a261c18048a6e1b5b85a5f8a067e469aa24f5bc009b991ea3b058a87f5065ef4176793a200d4917349881216cae
  languageName: node
  linkType: hard

"parse-json@npm:^5.0.0":
  version: 5.2.0
  resolution: "parse-json@npm:5.2.0"
  dependencies:
    "@babel/code-frame": ^7.0.0
    error-ex: ^1.3.1
    json-parse-even-better-errors: ^2.3.0
    lines-and-columns: ^1.1.6
  checksum: 62085b17d64da57f40f6afc2ac1f4d95def18c4323577e1eced571db75d9ab59b297d1d10582920f84b15985cbfc6b6d450ccbf317644cfa176f3ed982ad87e2
  languageName: node
  linkType: hard

"patch-console@npm:^1.0.0":
  version: 1.0.0
  resolution: "patch-console@npm:1.0.0"
  checksum: 8cd738aa470f2e9463fca35da6a19403384ac555004f698ddd3dfdb69135ab60fe9bd2edd1dbdd8c09d92c0a2190fd0f7337fe48123013baf8ffec8532885a3a
  languageName: node
  linkType: hard

"path-exists@npm:^4.0.0":
  version: 4.0.0
  resolution: "path-exists@npm:4.0.0"
  checksum: 505807199dfb7c50737b057dd8d351b82c033029ab94cb10a657609e00c1bc53b951cfdbccab8de04c5584d5eff31128ce6afd3db79281874a5ef2adbba55ed1
  languageName: node
  linkType: hard

"path-parse@npm:^1.0.7":
  version: 1.0.7
  resolution: "path-parse@npm:1.0.7"
  checksum: 49abf3d81115642938a8700ec580da6e830dde670be21893c62f4e10bd7dd4c3742ddc603fe24f898cba7eb0c6bc1777f8d9ac14185d34540c6d4d80cd9cae8a
  languageName: node
  linkType: hard

"prop-types@npm:^15.7.2":
  version: 15.8.1
  resolution: "prop-types@npm:15.8.1"
  dependencies:
    loose-envify: ^1.4.0
    object-assign: ^4.1.1
    react-is: ^16.13.1
  checksum: c056d3f1c057cb7ff8344c645450e14f088a915d078dcda795041765047fa080d38e5d626560ccaac94a4e16e3aa15f3557c1a9a8d1174530955e992c675e459
  languageName: node
  linkType: hard

"qtp@workspace:.":
  version: 0.0.0-use.local
  resolution: "qtp@workspace:."
  dependencies:
    turbo: latest
  languageName: unknown
  linkType: soft

"quick-lru@npm:^4.0.1":
  version: 4.0.1
  resolution: "quick-lru@npm:4.0.1"
  checksum: bea46e1abfaa07023e047d3cf1716a06172c4947886c053ede5c50321893711577cb6119360f810cc3ffcd70c4d7db4069c3cee876b358ceff8596e062bd1154
  languageName: node
  linkType: hard

"react-devtools-core@npm:^4.19.1":
  version: 4.27.2
  resolution: "react-devtools-core@npm:4.27.2"
  dependencies:
    shell-quote: ^1.6.1
    ws: ^7
  checksum: f52e2b05b8043c79fce6c0f9c93579f731a1850af79442ac7b8dfde5fb12e03f7d4f48dafc3c84e28c3675565f4af8a7002e49bcab862ece89c90dcef850a813
  languageName: node
  linkType: hard

"react-is@npm:^16.13.1":
  version: 16.13.1
  resolution: "react-is@npm:16.13.1"
  checksum: f7a19ac3496de32ca9ae12aa030f00f14a3d45374f1ceca0af707c831b2a6098ef0d6bdae51bd437b0a306d7f01d4677fcc8de7c0d331eb47ad0f46130e53c5f
  languageName: node
  linkType: hard

"react-reconciler@npm:^0.26.2":
  version: 0.26.2
  resolution: "react-reconciler@npm:0.26.2"
  dependencies:
    loose-envify: ^1.1.0
    object-assign: ^4.1.1
    scheduler: ^0.20.2
  peerDependencies:
    react: ^17.0.2
  checksum: 2ebceace56f547f51eaf142becefef9cca980eae4f42d90ee5a966f54a375f5082d78b71b00c40bbd9bca69e0e0f698c7d4e81cc7373437caa19831fddc1d01b
  languageName: node
  linkType: hard

"react-router@npm:^6.8.1":
  version: 6.8.2
  resolution: "react-router@npm:6.8.2"
  dependencies:
    "@remix-run/router": 1.3.3
  peerDependencies:
    react: ">=16.8"
  checksum: 9e98d03e1f18bfd5a35144a0c675adaf7c46a9ad436efdea2b52ef3a6e501ac6174a67ea90004e1339cd45019d6b1eb370627518320f7af9323ae74e0c6756ad
  languageName: node
  linkType: hard

"react@npm:^18.2.0":
  version: 18.2.0
  resolution: "react@npm:18.2.0"
  dependencies:
    loose-envify: ^1.1.0
  checksum: 88e38092da8839b830cda6feef2e8505dec8ace60579e46aa5490fc3dc9bba0bd50336507dc166f43e3afc1c42939c09fe33b25fae889d6f402721dcd78fca1b
  languageName: node
  linkType: hard

"read-pkg-up@npm:^7.0.1":
  version: 7.0.1
  resolution: "read-pkg-up@npm:7.0.1"
  dependencies:
    find-up: ^4.1.0
    read-pkg: ^5.2.0
    type-fest: ^0.8.1
  checksum: e4e93ce70e5905b490ca8f883eb9e48b5d3cebc6cd4527c25a0d8f3ae2903bd4121c5ab9c5a3e217ada0141098eeb661313c86fa008524b089b8ed0b7f165e44
  languageName: node
  linkType: hard

"read-pkg@npm:^5.2.0":
  version: 5.2.0
  resolution: "read-pkg@npm:5.2.0"
  dependencies:
    "@types/normalize-package-data": ^2.4.0
    normalize-package-data: ^2.5.0
    parse-json: ^5.0.0
    type-fest: ^0.6.0
  checksum: eb696e60528b29aebe10e499ba93f44991908c57d70f2d26f369e46b8b9afc208ef11b4ba64f67630f31df8b6872129e0a8933c8c53b7b4daf0eace536901222
  languageName: node
  linkType: hard

"redent@npm:^3.0.0":
  version: 3.0.0
  resolution: "redent@npm:3.0.0"
  dependencies:
    indent-string: ^4.0.0
    strip-indent: ^3.0.0
  checksum: fa1ef20404a2d399235e83cc80bd55a956642e37dd197b4b612ba7327bf87fa32745aeb4a1634b2bab25467164ab4ed9c15be2c307923dd08b0fe7c52431ae6b
  languageName: node
  linkType: hard

"resolve@npm:^1.10.0":
  version: 1.22.1
  resolution: "resolve@npm:1.22.1"
  dependencies:
    is-core-module: ^2.9.0
    path-parse: ^1.0.7
    supports-preserve-symlinks-flag: ^1.0.0
  bin:
    resolve: bin/resolve
  checksum: 07af5fc1e81aa1d866cbc9e9460fbb67318a10fa3c4deadc35c3ad8a898ee9a71a86a65e4755ac3195e0ea0cfbe201eb323ebe655ce90526fd61917313a34e4e
  languageName: node
  linkType: hard

"resolve@patch:resolve@^1.10.0#~builtin<compat/resolve>":
  version: 1.22.1
  resolution: "resolve@patch:resolve@npm%3A1.22.1#~builtin<compat/resolve>::version=1.22.1&hash=c3c19d"
  dependencies:
    is-core-module: ^2.9.0
    path-parse: ^1.0.7
    supports-preserve-symlinks-flag: ^1.0.0
  bin:
    resolve: bin/resolve
  checksum: 5656f4d0bedcf8eb52685c1abdf8fbe73a1603bb1160a24d716e27a57f6cecbe2432ff9c89c2bd57542c3a7b9d14b1882b73bfe2e9d7849c9a4c0b8b39f02b8b
  languageName: node
  linkType: hard

"restore-cursor@npm:^3.1.0":
  version: 3.1.0
  resolution: "restore-cursor@npm:3.1.0"
  dependencies:
    onetime: ^5.1.0
    signal-exit: ^3.0.2
  checksum: f877dd8741796b909f2a82454ec111afb84eb45890eb49ac947d87991379406b3b83ff9673a46012fca0d7844bb989f45cc5b788254cf1a39b6b5a9659de0630
  languageName: node
  linkType: hard

"scheduler@npm:^0.20.2":
  version: 0.20.2
  resolution: "scheduler@npm:0.20.2"
  dependencies:
    loose-envify: ^1.1.0
    object-assign: ^4.1.1
  checksum: c4b35cf967c8f0d3e65753252d0f260271f81a81e427241295c5a7b783abf4ea9e905f22f815ab66676f5313be0a25f47be582254db8f9241b259213e999b8fc
  languageName: node
  linkType: hard

"semver@npm:2 || 3 || 4 || 5":
  version: 5.7.1
  resolution: "semver@npm:5.7.1"
  bin:
    semver: ./bin/semver
  checksum: 57fd0acfd0bac382ee87cd52cd0aaa5af086a7dc8d60379dfe65fea491fb2489b6016400813930ecd61fd0952dae75c115287a1b16c234b1550887117744dfaf
  languageName: node
  linkType: hard

"semver@npm:^7.3.4":
  version: 7.3.8
  resolution: "semver@npm:7.3.8"
  dependencies:
    lru-cache: ^6.0.0
  bin:
    semver: bin/semver.js
  checksum: ba9c7cbbf2b7884696523450a61fee1a09930d888b7a8d7579025ad93d459b2d1949ee5bbfeb188b2be5f4ac163544c5e98491ad6152df34154feebc2cc337c1
  languageName: node
  linkType: hard

"shell-quote@npm:^1.6.1":
  version: 1.8.0
  resolution: "shell-quote@npm:1.8.0"
  checksum: 6ef7c5e308b9c77eedded882653a132214fa98b4a1512bb507588cf6cd2fc78bfee73e945d0c3211af028a1eabe09c6a19b96edd8977dc149810797e93809749
  languageName: node
  linkType: hard

"signal-exit@npm:^3.0.2":
  version: 3.0.7
  resolution: "signal-exit@npm:3.0.7"
  checksum: a2f098f247adc367dffc27845853e9959b9e88b01cb301658cfe4194352d8d2bb32e18467c786a7fe15f1d44b233ea35633d076d5e737870b7139949d1ab6318
  languageName: node
  linkType: hard

"slice-ansi@npm:^3.0.0":
  version: 3.0.0
  resolution: "slice-ansi@npm:3.0.0"
  dependencies:
    ansi-styles: ^4.0.0
    astral-regex: ^2.0.0
    is-fullwidth-code-point: ^3.0.0
  checksum: 5ec6d022d12e016347e9e3e98a7eb2a592213a43a65f1b61b74d2c78288da0aded781f665807a9f3876b9daa9ad94f64f77d7633a0458876c3a4fdc4eb223f24
  languageName: node
  linkType: hard

"spdx-correct@npm:^3.0.0":
  version: 3.1.1
  resolution: "spdx-correct@npm:3.1.1"
  dependencies:
    spdx-expression-parse: ^3.0.0
    spdx-license-ids: ^3.0.0
  checksum: 77ce438344a34f9930feffa61be0eddcda5b55fc592906ef75621d4b52c07400a97084d8701557b13f7d2aae0cb64f808431f469e566ef3fe0a3a131dcb775a6
  languageName: node
  linkType: hard

"spdx-exceptions@npm:^2.1.0":
  version: 2.3.0
  resolution: "spdx-exceptions@npm:2.3.0"
  checksum: cb69a26fa3b46305637123cd37c85f75610e8c477b6476fa7354eb67c08128d159f1d36715f19be6f9daf4b680337deb8c65acdcae7f2608ba51931540687ac0
  languageName: node
  linkType: hard

"spdx-expression-parse@npm:^3.0.0":
  version: 3.0.1
  resolution: "spdx-expression-parse@npm:3.0.1"
  dependencies:
    spdx-exceptions: ^2.1.0
    spdx-license-ids: ^3.0.0
  checksum: a1c6e104a2cbada7a593eaa9f430bd5e148ef5290d4c0409899855ce8b1c39652bcc88a725259491a82601159d6dc790bedefc9016c7472f7de8de7361f8ccde
  languageName: node
  linkType: hard

"spdx-license-ids@npm:^3.0.0":
  version: 3.0.12
  resolution: "spdx-license-ids@npm:3.0.12"
  checksum: 92a4dddce62ce1db6fe54a7a839cf85e06abc308fc83b776a55b44e4f1906f02e7ebd506120847039e976bbbad359ea8bdfafb7925eae5cd7e73255f02e0b7d6
  languageName: node
  linkType: hard

"stack-utils@npm:^2.0.2":
  version: 2.0.6
  resolution: "stack-utils@npm:2.0.6"
  dependencies:
    escape-string-regexp: ^2.0.0
  checksum: 052bf4d25bbf5f78e06c1d5e67de2e088b06871fa04107ca8d3f0e9d9263326e2942c8bedee3545795fc77d787d443a538345eef74db2f8e35db3558c6f91ff7
  languageName: node
  linkType: hard

"string-width@npm:^4.0.0, string-width@npm:^4.1.0, string-width@npm:^4.2.0, string-width@npm:^4.2.2":
  version: 4.2.3
  resolution: "string-width@npm:4.2.3"
  dependencies:
    emoji-regex: ^8.0.0
    is-fullwidth-code-point: ^3.0.0
    strip-ansi: ^6.0.1
  checksum: e52c10dc3fbfcd6c3a15f159f54a90024241d0f149cf8aed2982a2d801d2e64df0bf1dc351cf8e95c3319323f9f220c16e740b06faecd53e2462df1d2b5443fb
  languageName: node
  linkType: hard

"strip-ansi@npm:^6.0.0, strip-ansi@npm:^6.0.1":
  version: 6.0.1
  resolution: "strip-ansi@npm:6.0.1"
  dependencies:
    ansi-regex: ^5.0.1
  checksum: f3cd25890aef3ba6e1a74e20896c21a46f482e93df4a06567cebf2b57edabb15133f1f94e57434e0a958d61186087b1008e89c94875d019910a213181a14fc8c
  languageName: node
  linkType: hard

"strip-indent@npm:^3.0.0":
  version: 3.0.0
  resolution: "strip-indent@npm:3.0.0"
  dependencies:
    min-indent: ^1.0.0
  checksum: 18f045d57d9d0d90cd16f72b2313d6364fd2cb4bf85b9f593523ad431c8720011a4d5f08b6591c9d580f446e78855c5334a30fb91aa1560f5d9f95ed1b4a0530
  languageName: node
  linkType: hard

"supports-color@npm:^5.3.0":
  version: 5.5.0
  resolution: "supports-color@npm:5.5.0"
  dependencies:
    has-flag: ^3.0.0
  checksum: 95f6f4ba5afdf92f495b5a912d4abee8dcba766ae719b975c56c084f5004845f6f5a5f7769f52d53f40e21952a6d87411bafe34af4a01e65f9926002e38e1dac
  languageName: node
  linkType: hard

"supports-color@npm:^7.1.0":
  version: 7.2.0
  resolution: "supports-color@npm:7.2.0"
  dependencies:
    has-flag: ^4.0.0
  checksum: 3dda818de06ebbe5b9653e07842d9479f3555ebc77e9a0280caf5a14fb877ffee9ed57007c3b78f5a6324b8dbeec648d9e97a24e2ed9fdb81ddc69ea07100f4a
  languageName: node
  linkType: hard

"supports-preserve-symlinks-flag@npm:^1.0.0":
  version: 1.0.0
  resolution: "supports-preserve-symlinks-flag@npm:1.0.0"
  checksum: 53b1e247e68e05db7b3808b99b892bd36fb096e6fba213a06da7fab22045e97597db425c724f2bbd6c99a3c295e1e73f3e4de78592289f38431049e1277ca0ae
  languageName: node
  linkType: hard

"tinycolor2@npm:^1.0.0":
  version: 1.6.0
  resolution: "tinycolor2@npm:1.6.0"
  checksum: 6df4d07fceeedc0a878d7bac47e2cd47c1ceeb1078340a9eb8a295bc0651e17c750f73d47b3028d829f30b85c15e0572c0fd4142083e4c21a30a597e47f47230
  languageName: node
  linkType: hard

"tinygradient@npm:^0.4.1":
  version: 0.4.3
  resolution: "tinygradient@npm:0.4.3"
  dependencies:
    "@types/tinycolor2": ^1.4.0
    tinycolor2: ^1.0.0
  checksum: c7e40566d510f05ac5e662be95590b3b11db861ed9f2e6fe3aadd7328c573151dd0fa18e66f844d3de409e02500b027fbef257c54cc6bd233c740156738589e6
  languageName: node
  linkType: hard

"trim-newlines@npm:^3.0.0":
  version: 3.0.1
  resolution: "trim-newlines@npm:3.0.1"
  checksum: b530f3fadf78e570cf3c761fb74fef655beff6b0f84b29209bac6c9622db75ad1417f4a7b5d54c96605dcd72734ad44526fef9f396807b90839449eb543c6206
  languageName: node
  linkType: hard

"turbo-darwin-64@npm:1.8.3":
  version: 1.8.3
  resolution: "turbo-darwin-64@npm:1.8.3"
  conditions: os=darwin & cpu=x64
  languageName: node
  linkType: hard

"turbo-darwin-arm64@npm:1.8.3":
  version: 1.8.3
  resolution: "turbo-darwin-arm64@npm:1.8.3"
  conditions: os=darwin & cpu=arm64
  languageName: node
  linkType: hard

"turbo-linux-64@npm:1.8.3":
  version: 1.8.3
  resolution: "turbo-linux-64@npm:1.8.3"
  conditions: os=linux & cpu=x64
  languageName: node
  linkType: hard

"turbo-linux-arm64@npm:1.8.3":
  version: 1.8.3
  resolution: "turbo-linux-arm64@npm:1.8.3"
  conditions: os=linux & cpu=arm64
  languageName: node
  linkType: hard

"turbo-windows-64@npm:1.8.3":
  version: 1.8.3
  resolution: "turbo-windows-64@npm:1.8.3"
  conditions: os=win32 & cpu=x64
  languageName: node
  linkType: hard

"turbo-windows-arm64@npm:1.8.3":
  version: 1.8.3
  resolution: "turbo-windows-arm64@npm:1.8.3"
  conditions: os=win32 & cpu=arm64
  languageName: node
  linkType: hard

"turbo@npm:latest":
  version: 1.8.3
  resolution: "turbo@npm:1.8.3"
  dependencies:
    turbo-darwin-64: 1.8.3
    turbo-darwin-arm64: 1.8.3
    turbo-linux-64: 1.8.3
    turbo-linux-arm64: 1.8.3
    turbo-windows-64: 1.8.3
    turbo-windows-arm64: 1.8.3
  dependenciesMeta:
    turbo-darwin-64:
      optional: true
    turbo-darwin-arm64:
      optional: true
    turbo-linux-64:
      optional: true
    turbo-linux-arm64:
      optional: true
    turbo-windows-64:
      optional: true
    turbo-windows-arm64:
      optional: true
  bin:
    turbo: bin/turbo
  checksum: 4a07d120ef8adf6c8e58a48abd02e075ffa215287cc6c3ef843d4fb08aeb0a566fe810ec9bfc376254468a2aa4f29bae154a60804a83af78dfa86d0e8e995476
  languageName: node
  linkType: hard

"type-fest@npm:^0.12.0":
  version: 0.12.0
  resolution: "type-fest@npm:0.12.0"
  checksum: 407d6c1a6fcc907f6124c37e977ba4966205014787a32a27579da6e47c3b1bd210b68cc1c7764d904c8aa55fb4efa6945586f9b4fae742c63ed026a4559da07d
  languageName: node
  linkType: hard

"type-fest@npm:^0.15.1":
  version: 0.15.1
  resolution: "type-fest@npm:0.15.1"
  checksum: a1a0cdbd7f802d9784324f185df055739e97424ecb60914e9025574a4bc07e4a063c152e4510ebf5989de8a263220de1f6b5cf1b05f0b333dbd5b21d9b4a271b
  languageName: node
  linkType: hard

"type-fest@npm:^0.18.0":
  version: 0.18.1
  resolution: "type-fest@npm:0.18.1"
  checksum: e96dcee18abe50ec82dab6cbc4751b3a82046da54c52e3b2d035b3c519732c0b3dd7a2fa9df24efd1a38d953d8d4813c50985f215f1957ee5e4f26b0fe0da395
  languageName: node
  linkType: hard

"type-fest@npm:^0.21.3":
  version: 0.21.3
  resolution: "type-fest@npm:0.21.3"
  checksum: e6b32a3b3877f04339bae01c193b273c62ba7bfc9e325b8703c4ee1b32dc8fe4ef5dfa54bf78265e069f7667d058e360ae0f37be5af9f153b22382cd55a9afe0
  languageName: node
  linkType: hard

"type-fest@npm:^0.6.0":
  version: 0.6.0
  resolution: "type-fest@npm:0.6.0"
  checksum: b2188e6e4b21557f6e92960ec496d28a51d68658018cba8b597bd3ef757721d1db309f120ae987abeeda874511d14b776157ff809f23c6d1ce8f83b9b2b7d60f
  languageName: node
  linkType: hard

"type-fest@npm:^0.8.1":
  version: 0.8.1
  resolution: "type-fest@npm:0.8.1"
  checksum: d61c4b2eba24009033ae4500d7d818a94fd6d1b481a8111612ee141400d5f1db46f199c014766b9fa9b31a6a7374d96fc748c6d688a78a3ce5a33123839becb7
  languageName: node
  linkType: hard

"typescript@npm:^4.9.5":
  version: 4.9.5
  resolution: "typescript@npm:4.9.5"
  bin:
    tsc: bin/tsc
    tsserver: bin/tsserver
  checksum: ee000bc26848147ad423b581bd250075662a354d84f0e06eb76d3b892328d8d4440b7487b5a83e851b12b255f55d71835b008a66cbf8f255a11e4400159237db
  languageName: node
  linkType: hard

"typescript@patch:typescript@^4.9.5#~builtin<compat/typescript>":
  version: 4.9.5
  resolution: "typescript@patch:typescript@npm%3A4.9.5#~builtin<compat/typescript>::version=4.9.5&hash=23ec76"
  bin:
    tsc: bin/tsc
    tsserver: bin/tsserver
  checksum: ab417a2f398380c90a6cf5a5f74badd17866adf57f1165617d6a551f059c3ba0a3e4da0d147b3ac5681db9ac76a303c5876394b13b3de75fdd5b1eaa06181c9d
  languageName: node
  linkType: hard

"use-sync-external-store@npm:1.2.0":
  version: 1.2.0
  resolution: "use-sync-external-store@npm:1.2.0"
  peerDependencies:
    react: ^16.8.0 || ^17.0.0 || ^18.0.0
  checksum: 5c639e0f8da3521d605f59ce5be9e094ca772bd44a4ce7322b055a6f58eeed8dda3c94cabd90c7a41fb6fa852210092008afe48f7038792fd47501f33299116a
  languageName: node
  linkType: hard

"validate-npm-package-license@npm:^3.0.1":
  version: 3.0.4
  resolution: "validate-npm-package-license@npm:3.0.4"
  dependencies:
    spdx-correct: ^3.0.0
    spdx-expression-parse: ^3.0.0
  checksum: 35703ac889d419cf2aceef63daeadbe4e77227c39ab6287eeb6c1b36a746b364f50ba22e88591f5d017bc54685d8137bc2d328d0a896e4d3fd22093c0f32a9ad
  languageName: node
  linkType: hard

"widest-line@npm:^3.1.0":
  version: 3.1.0
  resolution: "widest-line@npm:3.1.0"
  dependencies:
    string-width: ^4.0.0
  checksum: 03db6c9d0af9329c37d74378ff1d91972b12553c7d72a6f4e8525fe61563fa7adb0b9d6e8d546b7e059688712ea874edd5ded475999abdeedf708de9849310e0
  languageName: node
  linkType: hard

"window-size@npm:^1.1.1":
  version: 1.1.1
  resolution: "window-size@npm:1.1.1"
  dependencies:
    define-property: ^1.0.0
    is-number: ^3.0.0
  bin:
    window-size: cli.js
  checksum: 4ab5ea0d5f224d6859eb0747049cbebf43ed3ba9fe535a2cbd2024b1f9cfd3c9021db33a3b20ee42ef8b5c5a036ddca46271bf1fc471aef7fc4cb4a98bfb2e67
  languageName: node
  linkType: hard

"wrap-ansi@npm:^6.2.0":
  version: 6.2.0
  resolution: "wrap-ansi@npm:6.2.0"
  dependencies:
    ansi-styles: ^4.0.0
    string-width: ^4.1.0
    strip-ansi: ^6.0.0
  checksum: 6cd96a410161ff617b63581a08376f0cb9162375adeb7956e10c8cd397821f7eb2a6de24eb22a0b28401300bf228c86e50617cd568209b5f6775b93c97d2fe3a
  languageName: node
  linkType: hard

"ws@npm:^7, ws@npm:^7.5.5":
  version: 7.5.9
  resolution: "ws@npm:7.5.9"
  peerDependencies:
    bufferutil: ^4.0.1
    utf-8-validate: ^5.0.2
  peerDependenciesMeta:
    bufferutil:
      optional: true
    utf-8-validate:
      optional: true
  checksum: c3c100a181b731f40b7f2fddf004aa023f79d64f489706a28bc23ff88e87f6a64b3c6651fbec3a84a53960b75159574d7a7385709847a62ddb7ad6af76f49138
  languageName: node
  linkType: hard

"yallist@npm:^4.0.0":
  version: 4.0.0
  resolution: "yallist@npm:4.0.0"
  checksum: 343617202af32df2a15a3be36a5a8c0c8545208f3d3dfbc6bb7c3e3b7e8c6f8e7485432e4f3b88da3031a6e20afa7c711eded32ddfb122896ac5d914e75848d5
  languageName: node
  linkType: hard

"yargs-parser@npm:^20.2.3":
  version: 20.2.9
  resolution: "yargs-parser@npm:20.2.9"
  checksum: 8bb69015f2b0ff9e17b2c8e6bfe224ab463dd00ca211eece72a4cd8a906224d2703fb8a326d36fdd0e68701e201b2a60ed7cf81ce0fd9b3799f9fe7745977ae3
  languageName: node
  linkType: hard

"yoga-layout-prebuilt@npm:^1.9.6":
  version: 1.10.0
  resolution: "yoga-layout-prebuilt@npm:1.10.0"
  dependencies:
    "@types/yoga-layout": 1.9.2
  checksum: 6954c7c7b04c585a1c974391bea4734611adb85702b5e9131549a1d3dc5b94e69bcfea34121cdaeb5e702663bf290fcce5374910128e54d1031503a57c062865
  languageName: node
  linkType: hard

"zustand@npm:^4.3.5":
  version: 4.3.5
  resolution: "zustand@npm:4.3.5"
  dependencies:
    use-sync-external-store: 1.2.0
  peerDependencies:
    immer: ">=9.0"
    react: ">=16.8"
  peerDependenciesMeta:
    immer:
      optional: true
    react:
      optional: true
  checksum: 166099ecadd870e5e0f51b5b443b71145149447b2bfe557d73254891dd0fe603d55c93e560649a7c31a30b4a180dd6d4f4d90463636fd54c3393ace3b68dbc67
  languageName: node
  linkType: hard
